// !$*UTF8*$!
{
	archiveVersion = 1;
	classes = {
	};
	objectVersion = 48;
	objects = {

/* Begin PBXBuildFile section */
		2E1E391D1F9BF15400290A87 /* GentsUser.swift in Sources */ = {isa = PBXBuildFile; fileRef = 2E1E391C1F9BF15400290A87 /* GentsUser.swift */; };
		2E9CA2901F9AC6680017D34B /* GentsViewController.swift in Sources */ = {isa = PBXBuildFile; fileRef = 2E9CA28F1F9AC6680017D34B /* GentsViewController.swift */; };
		433A10A149F72DCD3A4E9CCE /* Pods_GentUITests.framework in Frameworks */ = {isa = PBXBuildFile; fileRef = 0A662339FF991BFC0808AFCA /* Pods_GentUITests.framework */; };
		6B1F239C1F9EE46300B6F9D0 /* UnderConstruction.xib in Resources */ = {isa = PBXBuildFile; fileRef = 6B1F239B1F9EE46300B6F9D0 /* UnderConstruction.xib */; };
		6B1F239E1F9EE5A400B6F9D0 /* UnderConstruction.swift in Sources */ = {isa = PBXBuildFile; fileRef = 6B1F239D1F9EE5A400B6F9D0 /* UnderConstruction.swift */; };
		6B4DD7B81F85DE1C00D511B1 /* CreateAccountTableViewController.swift in Sources */ = {isa = PBXBuildFile; fileRef = 6B4DD7B71F85DE1C00D511B1 /* CreateAccountTableViewController.swift */; };
		6B4DD7BA1F85DE4300D511B1 /* FormTableViewCell.swift in Sources */ = {isa = PBXBuildFile; fileRef = 6B4DD7B91F85DE4300D511B1 /* FormTableViewCell.swift */; };
		6B6C5CA31F8C5D080047A51F /* SignInTableViewController.swift in Sources */ = {isa = PBXBuildFile; fileRef = 6B6C5CA21F8C5D080047A51F /* SignInTableViewController.swift */; };
		6B896D7E1F81875B0070DCA7 /* GoogleService-Info.plist in Resources */ = {isa = PBXBuildFile; fileRef = 6B896D7D1F81875B0070DCA7 /* GoogleService-Info.plist */; };
		6BA65A8E1F817F7F0099D60F /* NewsViewController.swift in Sources */ = {isa = PBXBuildFile; fileRef = 6BA65A8D1F817F7F0099D60F /* NewsViewController.swift */; };
		6BA65A911F8180220099D60F /* BuyBackViewController.swift in Sources */ = {isa = PBXBuildFile; fileRef = 6BA65A901F8180220099D60F /* BuyBackViewController.swift */; };
		6BD37E541F9C65E100EEFCCC /* NewsTableViewController.swift in Sources */ = {isa = PBXBuildFile; fileRef = 6BD37E511F9C65E000EEFCCC /* NewsTableViewController.swift */; };
		6BD37E551F9C65E100EEFCCC /* Post.swift in Sources */ = {isa = PBXBuildFile; fileRef = 6BD37E521F9C65E100EEFCCC /* Post.swift */; };
		6BD37E561F9C65E100EEFCCC /* NewsTableViewCell.swift in Sources */ = {isa = PBXBuildFile; fileRef = 6BD37E531F9C65E100EEFCCC /* NewsTableViewCell.swift */; };
		768441104A8ED4E7ACAD7684 /* Pods_GentTests.framework in Frameworks */ = {isa = PBXBuildFile; fileRef = A89D8BF4798AEA47C2374CD4 /* Pods_GentTests.framework */; };
		8F108C771FD4710F001B69CB /* GentsUser.swift in Sources */ = {isa = PBXBuildFile; fileRef = 2E1E391C1F9BF15400290A87 /* GentsUser.swift */; };
		8F108C781FD47120001B69CB /* StripeAPIClient.swift in Sources */ = {isa = PBXBuildFile; fileRef = 8F23545F1FCBBDB700731975 /* StripeAPIClient.swift */; };
		8F2354601FCBBDB700731975 /* StripeAPIClient.swift in Sources */ = {isa = PBXBuildFile; fileRef = 8F23545F1FCBBDB700731975 /* StripeAPIClient.swift */; };
		8F5B1AC61FF73AAD00D11744 /* UITextFieldExt.swift in Sources */ = {isa = PBXBuildFile; fileRef = 8F5B1AC51FF73AAD00D11744 /* UITextFieldExt.swift */; };
		8F5B1ACA1FF75B0F00D11744 /* GUIViewController.swift in Sources */ = {isa = PBXBuildFile; fileRef = 8F5B1AC91FF75B0F00D11744 /* GUIViewController.swift */; };
		8F5B1ACD1FF7601300D11744 /* GSignupViewController.swift in Sources */ = {isa = PBXBuildFile; fileRef = 8F5B1ACC1FF7601300D11744 /* GSignupViewController.swift */; };
		8F63AC7F1FD4B7E20032F72F /* readme.md in Resources */ = {isa = PBXBuildFile; fileRef = 8F63AC7D1FD4B7E20032F72F /* readme.md */; };
		8F63AC801FD4B7E20032F72F /* server.js in Resources */ = {isa = PBXBuildFile; fileRef = 8F63AC7E1FD4B7E20032F72F /* server.js */; };
		8F703D8C1FF42F75006AB5EA /* UIGeneralSettings.swift in Sources */ = {isa = PBXBuildFile; fileRef = 8F703D8B1FF42F75006AB5EA /* UIGeneralSettings.swift */; };
		8F86639D1FF318790020F2E8 /* Main_NewDesign.storyboard in Resources */ = {isa = PBXBuildFile; fileRef = 8F86639F1FF318790020F2E8 /* Main_NewDesign.storyboard */; };
		8F8663A11FF4164E0020F2E8 /* Info.plist in Resources */ = {isa = PBXBuildFile; fileRef = 920E980C1F79E63C00D97658 /* Info.plist */; };
		8F8663A21FF416530020F2E8 /* Info.plist in Resources */ = {isa = PBXBuildFile; fileRef = 920E980C1F79E63C00D97658 /* Info.plist */; };
		8F8663A81FF41A360020F2E8 /* UILablelExt.swift in Sources */ = {isa = PBXBuildFile; fileRef = 8F8663A71FF41A360020F2E8 /* UILablelExt.swift */; };
		8FAA33761FCBCC2D00D9F304 /* GoogleService-Info.plist in Resources */ = {isa = PBXBuildFile; fileRef = 6B896D7D1F81875B0070DCA7 /* GoogleService-Info.plist */; };
		8FAA33781FCBDC1A00D9F304 /* readme.md in Resources */ = {isa = PBXBuildFile; fileRef = 8FAA33771FCBDC1A00D9F304 /* readme.md */; };
		8FB8A4FB1FF43F7B00A849B3 /* UIButtonExt.swift in Sources */ = {isa = PBXBuildFile; fileRef = 8FB8A4FA1FF43F7B00A849B3 /* UIButtonExt.swift */; };
		8FB8A4FE1FF4DC0300A849B3 /* GInitViewController.swift in Sources */ = {isa = PBXBuildFile; fileRef = 8FB8A4FD1FF4DC0300A849B3 /* GInitViewController.swift */; };
		8FCEE09E1FF5413B009EF0AD /* UIDeviceExt.swift in Sources */ = {isa = PBXBuildFile; fileRef = 8FCEE09D1FF5413B009EF0AD /* UIDeviceExt.swift */; };
		8FDE9B321FF8C23A00C3B8F6 /* OnScreenKBListener.swift in Sources */ = {isa = PBXBuildFile; fileRef = 8FDE9B301FF8C23A00C3B8F6 /* OnScreenKBListener.swift */; };
		8FDE9B331FF8C23A00C3B8F6 /* UIHelper.swift in Sources */ = {isa = PBXBuildFile; fileRef = 8FDE9B311FF8C23A00C3B8F6 /* UIHelper.swift */; };
		8FDE9B361FF8C8FF00C3B8F6 /* GNewsTabViewController.swift in Sources */ = {isa = PBXBuildFile; fileRef = 8FDE9B351FF8C8FF00C3B8F6 /* GNewsTabViewController.swift */; };
		8FDE9B381FF8DCA300C3B8F6 /* GSigninViewController.swift in Sources */ = {isa = PBXBuildFile; fileRef = 8FDE9B371FF8DCA300C3B8F6 /* GSigninViewController.swift */; };
		920E97FF1F79E63C00D97658 /* AppDelegate.swift in Sources */ = {isa = PBXBuildFile; fileRef = 920E97FE1F79E63C00D97658 /* AppDelegate.swift */; };
		920E98061F79E63C00D97658 /* Main.storyboard in Resources */ = {isa = PBXBuildFile; fileRef = 920E98041F79E63C00D97658 /* Main.storyboard */; };
		920E98081F79E63C00D97658 /* Assets.xcassets in Resources */ = {isa = PBXBuildFile; fileRef = 920E98071F79E63C00D97658 /* Assets.xcassets */; };
		920E980B1F79E63C00D97658 /* LaunchScreen.storyboard in Resources */ = {isa = PBXBuildFile; fileRef = 920E98091F79E63C00D97658 /* LaunchScreen.storyboard */; };
		920E98161F79E63C00D97658 /* GentTests.swift in Sources */ = {isa = PBXBuildFile; fileRef = 920E98151F79E63C00D97658 /* GentTests.swift */; };
		920E98211F79E63C00D97658 /* GentUITests.swift in Sources */ = {isa = PBXBuildFile; fileRef = 920E98201F79E63C00D97658 /* GentUITests.swift */; };
		920E982F1F79EAF700D97658 /* MVPViewController.swift in Sources */ = {isa = PBXBuildFile; fileRef = 920E982E1F79EAF700D97658 /* MVPViewController.swift */; };
		920E98331F79EB4F00D97658 /* ShopViewController.swift in Sources */ = {isa = PBXBuildFile; fileRef = 920E98321F79EB4F00D97658 /* ShopViewController.swift */; };
		920E98371F79EB6D00D97658 /* ChatViewController.swift in Sources */ = {isa = PBXBuildFile; fileRef = 920E98361F79EB6D00D97658 /* ChatViewController.swift */; };
		96F57739DE753670D4663E26 /* Pods_Gent.framework in Frameworks */ = {isa = PBXBuildFile; fileRef = E56A61D98F162B4A7D1DC41A /* Pods_Gent.framework */; };
/* End PBXBuildFile section */

/* Begin PBXContainerItemProxy section */
		920E98121F79E63C00D97658 /* PBXContainerItemProxy */ = {
			isa = PBXContainerItemProxy;
			containerPortal = 920E97F31F79E63C00D97658 /* Project object */;
			proxyType = 1;
			remoteGlobalIDString = 920E97FA1F79E63C00D97658;
			remoteInfo = Gent;
		};
		920E981D1F79E63C00D97658 /* PBXContainerItemProxy */ = {
			isa = PBXContainerItemProxy;
			containerPortal = 920E97F31F79E63C00D97658 /* Project object */;
			proxyType = 1;
			remoteGlobalIDString = 920E97FA1F79E63C00D97658;
			remoteInfo = Gent;
		};
/* End PBXContainerItemProxy section */

/* Begin PBXFileReference section */
		0A662339FF991BFC0808AFCA /* Pods_GentUITests.framework */ = {isa = PBXFileReference; explicitFileType = wrapper.framework; includeInIndex = 0; path = Pods_GentUITests.framework; sourceTree = BUILT_PRODUCTS_DIR; };
		2E1E391C1F9BF15400290A87 /* GentsUser.swift */ = {isa = PBXFileReference; lastKnownFileType = sourcecode.swift; path = GentsUser.swift; sourceTree = "<group>"; };
		2E9CA28F1F9AC6680017D34B /* GentsViewController.swift */ = {isa = PBXFileReference; lastKnownFileType = sourcecode.swift; path = GentsViewController.swift; sourceTree = "<group>"; };
		6B1F239B1F9EE46300B6F9D0 /* UnderConstruction.xib */ = {isa = PBXFileReference; lastKnownFileType = file.xib; path = UnderConstruction.xib; sourceTree = "<group>"; };
		6B1F239D1F9EE5A400B6F9D0 /* UnderConstruction.swift */ = {isa = PBXFileReference; lastKnownFileType = sourcecode.swift; path = UnderConstruction.swift; sourceTree = "<group>"; };
		6B4DD7B71F85DE1C00D511B1 /* CreateAccountTableViewController.swift */ = {isa = PBXFileReference; lastKnownFileType = sourcecode.swift; path = CreateAccountTableViewController.swift; sourceTree = "<group>"; };
		6B4DD7B91F85DE4300D511B1 /* FormTableViewCell.swift */ = {isa = PBXFileReference; lastKnownFileType = sourcecode.swift; path = FormTableViewCell.swift; sourceTree = "<group>"; };
		6B6C5CA21F8C5D080047A51F /* SignInTableViewController.swift */ = {isa = PBXFileReference; lastKnownFileType = sourcecode.swift; path = SignInTableViewController.swift; sourceTree = "<group>"; };
		6B896D7D1F81875B0070DCA7 /* GoogleService-Info.plist */ = {isa = PBXFileReference; fileEncoding = 4; lastKnownFileType = text.plist.xml; path = "GoogleService-Info.plist"; sourceTree = "<group>"; };
		6BA65A8D1F817F7F0099D60F /* NewsViewController.swift */ = {isa = PBXFileReference; lastKnownFileType = sourcecode.swift; path = NewsViewController.swift; sourceTree = "<group>"; };
		6BA65A901F8180220099D60F /* BuyBackViewController.swift */ = {isa = PBXFileReference; lastKnownFileType = sourcecode.swift; path = BuyBackViewController.swift; sourceTree = "<group>"; };
		6BD37E511F9C65E000EEFCCC /* NewsTableViewController.swift */ = {isa = PBXFileReference; fileEncoding = 4; lastKnownFileType = sourcecode.swift; path = NewsTableViewController.swift; sourceTree = "<group>"; };
		6BD37E521F9C65E100EEFCCC /* Post.swift */ = {isa = PBXFileReference; fileEncoding = 4; lastKnownFileType = sourcecode.swift; path = Post.swift; sourceTree = "<group>"; };
		6BD37E531F9C65E100EEFCCC /* NewsTableViewCell.swift */ = {isa = PBXFileReference; fileEncoding = 4; lastKnownFileType = sourcecode.swift; path = NewsTableViewCell.swift; sourceTree = "<group>"; };
		8F23545F1FCBBDB700731975 /* StripeAPIClient.swift */ = {isa = PBXFileReference; fileEncoding = 4; lastKnownFileType = sourcecode.swift; path = StripeAPIClient.swift; sourceTree = "<group>"; };
		8F5B1AC51FF73AAD00D11744 /* UITextFieldExt.swift */ = {isa = PBXFileReference; lastKnownFileType = sourcecode.swift; path = UITextFieldExt.swift; sourceTree = "<group>"; };
		8F5B1AC91FF75B0F00D11744 /* GUIViewController.swift */ = {isa = PBXFileReference; lastKnownFileType = sourcecode.swift; path = GUIViewController.swift; sourceTree = "<group>"; };
		8F5B1ACC1FF7601300D11744 /* GSignupViewController.swift */ = {isa = PBXFileReference; lastKnownFileType = sourcecode.swift; path = GSignupViewController.swift; sourceTree = "<group>"; };
		8F63AC7D1FD4B7E20032F72F /* readme.md */ = {isa = PBXFileReference; fileEncoding = 4; lastKnownFileType = net.daringfireball.markdown; path = readme.md; sourceTree = "<group>"; };
		8F63AC7E1FD4B7E20032F72F /* server.js */ = {isa = PBXFileReference; fileEncoding = 4; lastKnownFileType = sourcecode.javascript; path = server.js; sourceTree = "<group>"; };
		8F703D8B1FF42F75006AB5EA /* UIGeneralSettings.swift */ = {isa = PBXFileReference; lastKnownFileType = sourcecode.swift; path = UIGeneralSettings.swift; sourceTree = "<group>"; };
		8F86639E1FF318790020F2E8 /* Base */ = {isa = PBXFileReference; lastKnownFileType = file.storyboard; name = Base; path = Base.lproj/Main_NewDesign.storyboard; sourceTree = "<group>"; };
		8F8663A71FF41A360020F2E8 /* UILablelExt.swift */ = {isa = PBXFileReference; lastKnownFileType = sourcecode.swift; path = UILablelExt.swift; sourceTree = "<group>"; };
		8FAA33771FCBDC1A00D9F304 /* readme.md */ = {isa = PBXFileReference; lastKnownFileType = net.daringfireball.markdown; path = readme.md; sourceTree = "<group>"; };
		8FB8A4FA1FF43F7B00A849B3 /* UIButtonExt.swift */ = {isa = PBXFileReference; lastKnownFileType = sourcecode.swift; path = UIButtonExt.swift; sourceTree = "<group>"; };
		8FB8A4FD1FF4DC0300A849B3 /* GInitViewController.swift */ = {isa = PBXFileReference; lastKnownFileType = sourcecode.swift; path = GInitViewController.swift; sourceTree = "<group>"; };
		8FCEE09D1FF5413B009EF0AD /* UIDeviceExt.swift */ = {isa = PBXFileReference; lastKnownFileType = sourcecode.swift; path = UIDeviceExt.swift; sourceTree = "<group>"; };
		8FDE9B301FF8C23A00C3B8F6 /* OnScreenKBListener.swift */ = {isa = PBXFileReference; fileEncoding = 4; lastKnownFileType = sourcecode.swift; path = OnScreenKBListener.swift; sourceTree = "<group>"; };
		8FDE9B311FF8C23A00C3B8F6 /* UIHelper.swift */ = {isa = PBXFileReference; fileEncoding = 4; lastKnownFileType = sourcecode.swift; path = UIHelper.swift; sourceTree = "<group>"; };
		8FDE9B351FF8C8FF00C3B8F6 /* GNewsTabViewController.swift */ = {isa = PBXFileReference; lastKnownFileType = sourcecode.swift; path = GNewsTabViewController.swift; sourceTree = "<group>"; };
		8FDE9B371FF8DCA300C3B8F6 /* GSigninViewController.swift */ = {isa = PBXFileReference; lastKnownFileType = sourcecode.swift; path = GSigninViewController.swift; sourceTree = "<group>"; };
		918239316A00CA3B7082B5B6 /* Pods-Gent.release.xcconfig */ = {isa = PBXFileReference; includeInIndex = 1; lastKnownFileType = text.xcconfig; name = "Pods-Gent.release.xcconfig"; path = "Pods/Target Support Files/Pods-Gent/Pods-Gent.release.xcconfig"; sourceTree = "<group>"; };
		920E97FB1F79E63C00D97658 /* Gent.app */ = {isa = PBXFileReference; explicitFileType = wrapper.application; includeInIndex = 0; path = Gent.app; sourceTree = BUILT_PRODUCTS_DIR; };
		920E97FE1F79E63C00D97658 /* AppDelegate.swift */ = {isa = PBXFileReference; lastKnownFileType = sourcecode.swift; path = AppDelegate.swift; sourceTree = "<group>"; };
		920E98051F79E63C00D97658 /* Base */ = {isa = PBXFileReference; lastKnownFileType = file.storyboard; name = Base; path = Base.lproj/Main.storyboard; sourceTree = "<group>"; };
		920E98071F79E63C00D97658 /* Assets.xcassets */ = {isa = PBXFileReference; lastKnownFileType = folder.assetcatalog; path = Assets.xcassets; sourceTree = "<group>"; };
		920E980A1F79E63C00D97658 /* Base */ = {isa = PBXFileReference; lastKnownFileType = file.storyboard; name = Base; path = Base.lproj/LaunchScreen.storyboard; sourceTree = "<group>"; };
		920E980C1F79E63C00D97658 /* Info.plist */ = {isa = PBXFileReference; lastKnownFileType = text.plist.xml; path = Info.plist; sourceTree = "<group>"; };
		920E98111F79E63C00D97658 /* GentTests.xctest */ = {isa = PBXFileReference; explicitFileType = wrapper.cfbundle; includeInIndex = 0; path = GentTests.xctest; sourceTree = BUILT_PRODUCTS_DIR; };
		920E98151F79E63C00D97658 /* GentTests.swift */ = {isa = PBXFileReference; lastKnownFileType = sourcecode.swift; path = GentTests.swift; sourceTree = "<group>"; };
		920E98171F79E63C00D97658 /* Info.plist */ = {isa = PBXFileReference; lastKnownFileType = text.plist.xml; path = Info.plist; sourceTree = "<group>"; };
		920E981C1F79E63C00D97658 /* GentUITests.xctest */ = {isa = PBXFileReference; explicitFileType = wrapper.cfbundle; includeInIndex = 0; path = GentUITests.xctest; sourceTree = BUILT_PRODUCTS_DIR; };
		920E98201F79E63C00D97658 /* GentUITests.swift */ = {isa = PBXFileReference; lastKnownFileType = sourcecode.swift; path = GentUITests.swift; sourceTree = "<group>"; };
		920E98221F79E63C00D97658 /* Info.plist */ = {isa = PBXFileReference; lastKnownFileType = text.plist.xml; path = Info.plist; sourceTree = "<group>"; };
		920E982E1F79EAF700D97658 /* MVPViewController.swift */ = {isa = PBXFileReference; lastKnownFileType = sourcecode.swift; path = MVPViewController.swift; sourceTree = "<group>"; };
		920E98321F79EB4F00D97658 /* ShopViewController.swift */ = {isa = PBXFileReference; lastKnownFileType = sourcecode.swift; path = ShopViewController.swift; sourceTree = "<group>"; };
		920E98361F79EB6D00D97658 /* ChatViewController.swift */ = {isa = PBXFileReference; lastKnownFileType = sourcecode.swift; path = ChatViewController.swift; sourceTree = "<group>"; };
		92D8B0500A6E9A15EB37875E /* Pods-GentTests.release.xcconfig */ = {isa = PBXFileReference; includeInIndex = 1; lastKnownFileType = text.xcconfig; name = "Pods-GentTests.release.xcconfig"; path = "Pods/Target Support Files/Pods-GentTests/Pods-GentTests.release.xcconfig"; sourceTree = "<group>"; };
		9DBE64A92AB2AF89C62DFE8F /* Pods-GentUITests.release.xcconfig */ = {isa = PBXFileReference; includeInIndex = 1; lastKnownFileType = text.xcconfig; name = "Pods-GentUITests.release.xcconfig"; path = "Pods/Target Support Files/Pods-GentUITests/Pods-GentUITests.release.xcconfig"; sourceTree = "<group>"; };
		A89D8BF4798AEA47C2374CD4 /* Pods_GentTests.framework */ = {isa = PBXFileReference; explicitFileType = wrapper.framework; includeInIndex = 0; path = Pods_GentTests.framework; sourceTree = BUILT_PRODUCTS_DIR; };
		BB8BC798F113B4701823A28F /* Pods-GentUITests.debug.xcconfig */ = {isa = PBXFileReference; includeInIndex = 1; lastKnownFileType = text.xcconfig; name = "Pods-GentUITests.debug.xcconfig"; path = "Pods/Target Support Files/Pods-GentUITests/Pods-GentUITests.debug.xcconfig"; sourceTree = "<group>"; };
		CCE594876F3702BA283D9321 /* Pods-Gent.debug.xcconfig */ = {isa = PBXFileReference; includeInIndex = 1; lastKnownFileType = text.xcconfig; name = "Pods-Gent.debug.xcconfig"; path = "Pods/Target Support Files/Pods-Gent/Pods-Gent.debug.xcconfig"; sourceTree = "<group>"; };
		E1F579E9A9EC4D283A5F821B /* Pods-GentTests.debug.xcconfig */ = {isa = PBXFileReference; includeInIndex = 1; lastKnownFileType = text.xcconfig; name = "Pods-GentTests.debug.xcconfig"; path = "Pods/Target Support Files/Pods-GentTests/Pods-GentTests.debug.xcconfig"; sourceTree = "<group>"; };
		E56A61D98F162B4A7D1DC41A /* Pods_Gent.framework */ = {isa = PBXFileReference; explicitFileType = wrapper.framework; includeInIndex = 0; path = Pods_Gent.framework; sourceTree = BUILT_PRODUCTS_DIR; };
/* End PBXFileReference section */

/* Begin PBXFrameworksBuildPhase section */
		920E97F81F79E63C00D97658 /* Frameworks */ = {
			isa = PBXFrameworksBuildPhase;
			buildActionMask = 2147483647;
			files = (
				96F57739DE753670D4663E26 /* Pods_Gent.framework in Frameworks */,
			);
			runOnlyForDeploymentPostprocessing = 0;
		};
		920E980E1F79E63C00D97658 /* Frameworks */ = {
			isa = PBXFrameworksBuildPhase;
			buildActionMask = 2147483647;
			files = (
				768441104A8ED4E7ACAD7684 /* Pods_GentTests.framework in Frameworks */,
			);
			runOnlyForDeploymentPostprocessing = 0;
		};
		920E98191F79E63C00D97658 /* Frameworks */ = {
			isa = PBXFrameworksBuildPhase;
			buildActionMask = 2147483647;
			files = (
				433A10A149F72DCD3A4E9CCE /* Pods_GentUITests.framework in Frameworks */,
			);
			runOnlyForDeploymentPostprocessing = 0;
		};
/* End PBXFrameworksBuildPhase section */

/* Begin PBXGroup section */
		2E1E391E1F9BF16300290A87 /* Model */ = {
			isa = PBXGroup;
			children = (
				8F23545F1FCBBDB700731975 /* StripeAPIClient.swift */,
				2E9CA28F1F9AC6680017D34B /* GentsViewController.swift */,
				2E1E391C1F9BF15400290A87 /* GentsUser.swift */,
				8FAA33771FCBDC1A00D9F304 /* readme.md */,
			);
			path = Model;
			sourceTree = "<group>";
		};
		6BA65A8A1F817F400099D60F /* News */ = {
			isa = PBXGroup;
			children = (
				6BA65A8D1F817F7F0099D60F /* NewsViewController.swift */,
				6BD37E531F9C65E100EEFCCC /* NewsTableViewCell.swift */,
				6BD37E511F9C65E000EEFCCC /* NewsTableViewController.swift */,
				6BD37E521F9C65E100EEFCCC /* Post.swift */,
			);
			path = News;
			sourceTree = "<group>";
		};
		6BA65A8F1F8180110099D60F /* BuyBack */ = {
			isa = PBXGroup;
			children = (
				6BA65A901F8180220099D60F /* BuyBackViewController.swift */,
			);
			path = BuyBack;
			sourceTree = "<group>";
		};
		8F5B1ACB1FF75FF900D11744 /* Sign_up_in */ = {
			isa = PBXGroup;
			children = (
				8F5B1ACC1FF7601300D11744 /* GSignupViewController.swift */,
				8FDE9B371FF8DCA300C3B8F6 /* GSigninViewController.swift */,
			);
			path = Sign_up_in;
			sourceTree = "<group>";
		};
		8F63AC7C1FD4B7AE0032F72F /* Stripe NodeJS server */ = {
			isa = PBXGroup;
			children = (
				8F63AC7D1FD4B7E20032F72F /* readme.md */,
				8F63AC7E1FD4B7E20032F72F /* server.js */,
			);
			path = "Stripe NodeJS server";
			sourceTree = "<group>";
		};
		8F8663A31FF418A20020F2E8 /* Old UI */ = {
			isa = PBXGroup;
			children = (
				6BA65A8F1F8180110099D60F /* BuyBack */,
				6BA65A8A1F817F400099D60F /* News */,
				920E983C1F79EE3C00D97658 /* Chat */,
				920E983B1F79EE3700D97658 /* Shop */,
				920E98391F79EDF500D97658 /* MVP */,
				920E98041F79E63C00D97658 /* Main.storyboard */,
			);
			path = "Old UI";
			sourceTree = "<group>";
		};
		8F8663A41FF418C60020F2E8 /* New UI */ = {
			isa = PBXGroup;
			children = (
				8F8663A61FF41A010020F2E8 /* SuperUIs_And_Extensions */,
				8FB8A4FC1FF4DBDD00A849B3 /* Init */,
				8F5B1ACB1FF75FF900D11744 /* Sign_up_in */,
				8FDE9B341FF8C8C800C3B8F6 /* News */,
				8F86639F1FF318790020F2E8 /* Main_NewDesign.storyboard */,
				8F703D8B1FF42F75006AB5EA /* UIGeneralSettings.swift */,
			);
			path = "New UI";
			sourceTree = "<group>";
		};
		8F8663A61FF41A010020F2E8 /* SuperUIs_And_Extensions */ = {
			isa = PBXGroup;
			children = (
				8FDE9B311FF8C23A00C3B8F6 /* UIHelper.swift */,
				8FDE9B301FF8C23A00C3B8F6 /* OnScreenKBListener.swift */,
				8F8663A71FF41A360020F2E8 /* UILablelExt.swift */,
				8FB8A4FA1FF43F7B00A849B3 /* UIButtonExt.swift */,
				8F5B1AC51FF73AAD00D11744 /* UITextFieldExt.swift */,
				8F5B1AC91FF75B0F00D11744 /* GUIViewController.swift */,
			);
			path = SuperUIs_And_Extensions;
			sourceTree = "<group>";
		};
		8FB8A4FC1FF4DBDD00A849B3 /* Init */ = {
			isa = PBXGroup;
			children = (
				8FB8A4FD1FF4DC0300A849B3 /* GInitViewController.swift */,
				8FCEE09D1FF5413B009EF0AD /* UIDeviceExt.swift */,
			);
			path = Init;
			sourceTree = "<group>";
		};
		8FDE9B341FF8C8C800C3B8F6 /* News */ = {
			isa = PBXGroup;
			children = (
				8FDE9B351FF8C8FF00C3B8F6 /* GNewsTabViewController.swift */,
			);
			path = News;
			sourceTree = "<group>";
		};
		920E97F21F79E63C00D97658 = {
			isa = PBXGroup;
			children = (
				920E97FD1F79E63C00D97658 /* Gent */,
				920E98141F79E63C00D97658 /* GentTests */,
				920E981F1F79E63C00D97658 /* GentUITests */,
				920E97FC1F79E63C00D97658 /* Products */,
				C43FDD3FF7A21B0FFC4A615F /* Pods */,
				B2FAE1E1A861BECFBE4B17AB /* Frameworks */,
			);
			sourceTree = "<group>";
		};
		920E97FC1F79E63C00D97658 /* Products */ = {
			isa = PBXGroup;
			children = (
				920E97FB1F79E63C00D97658 /* Gent.app */,
				920E98111F79E63C00D97658 /* GentTests.xctest */,
				920E981C1F79E63C00D97658 /* GentUITests.xctest */,
			);
			name = Products;
			sourceTree = "<group>";
		};
		920E97FD1F79E63C00D97658 /* Gent */ = {
			isa = PBXGroup;
			children = (
				8F8663A41FF418C60020F2E8 /* New UI */,
				8F8663A31FF418A20020F2E8 /* Old UI */,
				8F63AC7C1FD4B7AE0032F72F /* Stripe NodeJS server */,
				6B896D7D1F81875B0070DCA7 /* GoogleService-Info.plist */,
				2E1E391E1F9BF16300290A87 /* Model */,
				920E97FE1F79E63C00D97658 /* AppDelegate.swift */,
				920E98071F79E63C00D97658 /* Assets.xcassets */,
				920E98091F79E63C00D97658 /* LaunchScreen.storyboard */,
				920E980C1F79E63C00D97658 /* Info.plist */,
				6B1F239B1F9EE46300B6F9D0 /* UnderConstruction.xib */,
				6B1F239D1F9EE5A400B6F9D0 /* UnderConstruction.swift */,
			);
			path = Gent;
			sourceTree = "<group>";
		};
		920E98141F79E63C00D97658 /* GentTests */ = {
			isa = PBXGroup;
			children = (
				920E98151F79E63C00D97658 /* GentTests.swift */,
				920E98171F79E63C00D97658 /* Info.plist */,
			);
			path = GentTests;
			sourceTree = "<group>";
		};
		920E981F1F79E63C00D97658 /* GentUITests */ = {
			isa = PBXGroup;
			children = (
				920E98201F79E63C00D97658 /* GentUITests.swift */,
				920E98221F79E63C00D97658 /* Info.plist */,
			);
			path = GentUITests;
			sourceTree = "<group>";
		};
		920E98391F79EDF500D97658 /* MVP */ = {
			isa = PBXGroup;
			children = (
				920E982E1F79EAF700D97658 /* MVPViewController.swift */,
				6B4DD7B91F85DE4300D511B1 /* FormTableViewCell.swift */,
				6B4DD7B71F85DE1C00D511B1 /* CreateAccountTableViewController.swift */,
				6B6C5CA21F8C5D080047A51F /* SignInTableViewController.swift */,
			);
			path = MVP;
			sourceTree = "<group>";
		};
		920E983B1F79EE3700D97658 /* Shop */ = {
			isa = PBXGroup;
			children = (
				920E98321F79EB4F00D97658 /* ShopViewController.swift */,
			);
			path = Shop;
			sourceTree = "<group>";
		};
		920E983C1F79EE3C00D97658 /* Chat */ = {
			isa = PBXGroup;
			children = (
				920E98361F79EB6D00D97658 /* ChatViewController.swift */,
			);
			path = Chat;
			sourceTree = "<group>";
		};
		B2FAE1E1A861BECFBE4B17AB /* Frameworks */ = {
			isa = PBXGroup;
			children = (
				E56A61D98F162B4A7D1DC41A /* Pods_Gent.framework */,
				A89D8BF4798AEA47C2374CD4 /* Pods_GentTests.framework */,
				0A662339FF991BFC0808AFCA /* Pods_GentUITests.framework */,
			);
			name = Frameworks;
			sourceTree = "<group>";
		};
		C43FDD3FF7A21B0FFC4A615F /* Pods */ = {
			isa = PBXGroup;
			children = (
				CCE594876F3702BA283D9321 /* Pods-Gent.debug.xcconfig */,
				918239316A00CA3B7082B5B6 /* Pods-Gent.release.xcconfig */,
				E1F579E9A9EC4D283A5F821B /* Pods-GentTests.debug.xcconfig */,
				92D8B0500A6E9A15EB37875E /* Pods-GentTests.release.xcconfig */,
				BB8BC798F113B4701823A28F /* Pods-GentUITests.debug.xcconfig */,
				9DBE64A92AB2AF89C62DFE8F /* Pods-GentUITests.release.xcconfig */,
			);
			name = Pods;
			sourceTree = "<group>";
		};
/* End PBXGroup section */

/* Begin PBXNativeTarget section */
		920E97FA1F79E63C00D97658 /* Gent */ = {
			isa = PBXNativeTarget;
			buildConfigurationList = 920E98251F79E63C00D97658 /* Build configuration list for PBXNativeTarget "Gent" */;
			buildPhases = (
				D8CAB6F496CF840F6982D091 /* [CP] Check Pods Manifest.lock */,
				920E97F71F79E63C00D97658 /* Sources */,
				920E97F81F79E63C00D97658 /* Frameworks */,
				920E97F91F79E63C00D97658 /* Resources */,
				E97A5D0C021E6607774EC61D /* [CP] Embed Pods Frameworks */,
				5856505238681AE80421E601 /* [CP] Copy Pods Resources */,
			);
			buildRules = (
			);
			dependencies = (
			);
			name = Gent;
			productName = Gent;
			productReference = 920E97FB1F79E63C00D97658 /* Gent.app */;
			productType = "com.apple.product-type.application";
		};
		920E98101F79E63C00D97658 /* GentTests */ = {
			isa = PBXNativeTarget;
			buildConfigurationList = 920E98281F79E63C00D97658 /* Build configuration list for PBXNativeTarget "GentTests" */;
			buildPhases = (
				49B7E5D8E2966D63BB0C2B1E /* [CP] Check Pods Manifest.lock */,
				920E980D1F79E63C00D97658 /* Sources */,
				920E980E1F79E63C00D97658 /* Frameworks */,
				920E980F1F79E63C00D97658 /* Resources */,
				36A5F6254E467507E64096A1 /* [CP] Embed Pods Frameworks */,
				0A290B380F36FC4348E3A496 /* [CP] Copy Pods Resources */,
			);
			buildRules = (
			);
			dependencies = (
				920E98131F79E63C00D97658 /* PBXTargetDependency */,
			);
			name = GentTests;
			productName = GentTests;
			productReference = 920E98111F79E63C00D97658 /* GentTests.xctest */;
			productType = "com.apple.product-type.bundle.unit-test";
		};
		920E981B1F79E63C00D97658 /* GentUITests */ = {
			isa = PBXNativeTarget;
			buildConfigurationList = 920E982B1F79E63C00D97658 /* Build configuration list for PBXNativeTarget "GentUITests" */;
			buildPhases = (
				EE56D827B9E299057E7A918C /* [CP] Check Pods Manifest.lock */,
				920E98181F79E63C00D97658 /* Sources */,
				920E98191F79E63C00D97658 /* Frameworks */,
				920E981A1F79E63C00D97658 /* Resources */,
				A283C39B973EEFB70F2159D5 /* [CP] Embed Pods Frameworks */,
				FE0FD73A0A5164A0198DA5B4 /* [CP] Copy Pods Resources */,
			);
			buildRules = (
			);
			dependencies = (
				920E981E1F79E63C00D97658 /* PBXTargetDependency */,
			);
			name = GentUITests;
			productName = GentUITests;
			productReference = 920E981C1F79E63C00D97658 /* GentUITests.xctest */;
			productType = "com.apple.product-type.bundle.ui-testing";
		};
/* End PBXNativeTarget section */

/* Begin PBXProject section */
		920E97F31F79E63C00D97658 /* Project object */ = {
			isa = PBXProject;
			attributes = {
				LastSwiftUpdateCheck = 0900;
				LastUpgradeCheck = 0900;
				ORGANIZATIONNAME = "Christina Sund";
				TargetAttributes = {
					920E97FA1F79E63C00D97658 = {
						CreatedOnToolsVersion = 9.0;
						ProvisioningStyle = Automatic;
					};
					920E98101F79E63C00D97658 = {
						CreatedOnToolsVersion = 9.0;
						ProvisioningStyle = Automatic;
						TestTargetID = 920E97FA1F79E63C00D97658;
					};
					920E981B1F79E63C00D97658 = {
						CreatedOnToolsVersion = 9.0;
						ProvisioningStyle = Automatic;
						TestTargetID = 920E97FA1F79E63C00D97658;
					};
				};
			};
			buildConfigurationList = 920E97F61F79E63C00D97658 /* Build configuration list for PBXProject "Gent" */;
			compatibilityVersion = "Xcode 8.0";
			developmentRegion = en;
			hasScannedForEncodings = 0;
			knownRegions = (
				en,
				Base,
			);
			mainGroup = 920E97F21F79E63C00D97658;
			productRefGroup = 920E97FC1F79E63C00D97658 /* Products */;
			projectDirPath = "";
			projectRoot = "";
			targets = (
				920E97FA1F79E63C00D97658 /* Gent */,
				920E98101F79E63C00D97658 /* GentTests */,
				920E981B1F79E63C00D97658 /* GentUITests */,
			);
		};
/* End PBXProject section */

/* Begin PBXResourcesBuildPhase section */
		920E97F91F79E63C00D97658 /* Resources */ = {
			isa = PBXResourcesBuildPhase;
			buildActionMask = 2147483647;
			files = (
				8FAA33781FCBDC1A00D9F304 /* readme.md in Resources */,
				920E980B1F79E63C00D97658 /* LaunchScreen.storyboard in Resources */,
				6B1F239C1F9EE46300B6F9D0 /* UnderConstruction.xib in Resources */,
				8F63AC801FD4B7E20032F72F /* server.js in Resources */,
				6B896D7E1F81875B0070DCA7 /* GoogleService-Info.plist in Resources */,
				8F63AC7F1FD4B7E20032F72F /* readme.md in Resources */,
				8F86639D1FF318790020F2E8 /* Main_NewDesign.storyboard in Resources */,
				920E98081F79E63C00D97658 /* Assets.xcassets in Resources */,
				8F8663A11FF4164E0020F2E8 /* Info.plist in Resources */,
				920E98061F79E63C00D97658 /* Main.storyboard in Resources */,
			);
			runOnlyForDeploymentPostprocessing = 0;
		};
		920E980F1F79E63C00D97658 /* Resources */ = {
			isa = PBXResourcesBuildPhase;
			buildActionMask = 2147483647;
			files = (
				8F8663A21FF416530020F2E8 /* Info.plist in Resources */,
				8FAA33761FCBCC2D00D9F304 /* GoogleService-Info.plist in Resources */,
			);
			runOnlyForDeploymentPostprocessing = 0;
		};
		920E981A1F79E63C00D97658 /* Resources */ = {
			isa = PBXResourcesBuildPhase;
			buildActionMask = 2147483647;
			files = (
			);
			runOnlyForDeploymentPostprocessing = 0;
		};
/* End PBXResourcesBuildPhase section */

/* Begin PBXShellScriptBuildPhase section */
		0A290B380F36FC4348E3A496 /* [CP] Copy Pods Resources */ = {
			isa = PBXShellScriptBuildPhase;
			buildActionMask = 2147483647;
			files = (
			);
			inputPaths = (
			);
			name = "[CP] Copy Pods Resources";
			outputPaths = (
			);
			runOnlyForDeploymentPostprocessing = 0;
			shellPath = /bin/sh;
			shellScript = "\"${SRCROOT}/Pods/Target Support Files/Pods-GentTests/Pods-GentTests-resources.sh\"\n";
			showEnvVarsInLog = 0;
		};
		36A5F6254E467507E64096A1 /* [CP] Embed Pods Frameworks */ = {
			isa = PBXShellScriptBuildPhase;
			buildActionMask = 2147483647;
			files = (
			);
			inputPaths = (
				"${SRCROOT}/Pods/Target Support Files/Pods-GentTests/Pods-GentTests-frameworks.sh",
				"${BUILT_PRODUCTS_DIR}/Alamofire/Alamofire.framework",
				"${BUILT_PRODUCTS_DIR}/GTMSessionFetcher/GTMSessionFetcher.framework",
				"${BUILT_PRODUCTS_DIR}/GoogleToolboxForMac/GoogleToolboxForMac.framework",
				"${BUILT_PRODUCTS_DIR}/KeychainSwift/KeychainSwift.framework",
				"${BUILT_PRODUCTS_DIR}/Stripe/Stripe.framework",
				"${BUILT_PRODUCTS_DIR}/leveldb-library/leveldb.framework",
				"${BUILT_PRODUCTS_DIR}/nanopb/nanopb.framework",
			);
			name = "[CP] Embed Pods Frameworks";
			outputPaths = (
				"${TARGET_BUILD_DIR}/${FRAMEWORKS_FOLDER_PATH}/Alamofire.framework",
				"${TARGET_BUILD_DIR}/${FRAMEWORKS_FOLDER_PATH}/GTMSessionFetcher.framework",
				"${TARGET_BUILD_DIR}/${FRAMEWORKS_FOLDER_PATH}/GoogleToolboxForMac.framework",
				"${TARGET_BUILD_DIR}/${FRAMEWORKS_FOLDER_PATH}/KeychainSwift.framework",
				"${TARGET_BUILD_DIR}/${FRAMEWORKS_FOLDER_PATH}/Stripe.framework",
				"${TARGET_BUILD_DIR}/${FRAMEWORKS_FOLDER_PATH}/leveldb.framework",
				"${TARGET_BUILD_DIR}/${FRAMEWORKS_FOLDER_PATH}/nanopb.framework",
			);
			runOnlyForDeploymentPostprocessing = 0;
			shellPath = /bin/sh;
			shellScript = "\"${SRCROOT}/Pods/Target Support Files/Pods-GentTests/Pods-GentTests-frameworks.sh\"\n";
			showEnvVarsInLog = 0;
		};
		49B7E5D8E2966D63BB0C2B1E /* [CP] Check Pods Manifest.lock */ = {
			isa = PBXShellScriptBuildPhase;
			buildActionMask = 2147483647;
			files = (
			);
			inputPaths = (
				"${PODS_PODFILE_DIR_PATH}/Podfile.lock",
				"${PODS_ROOT}/Manifest.lock",
			);
			name = "[CP] Check Pods Manifest.lock";
			outputPaths = (
				"$(DERIVED_FILE_DIR)/Pods-GentTests-checkManifestLockResult.txt",
			);
			runOnlyForDeploymentPostprocessing = 0;
			shellPath = /bin/sh;
			shellScript = "diff \"${PODS_PODFILE_DIR_PATH}/Podfile.lock\" \"${PODS_ROOT}/Manifest.lock\" > /dev/null\nif [ $? != 0 ] ; then\n    # print error to STDERR\n    echo \"error: The sandbox is not in sync with the Podfile.lock. Run 'pod install' or update your CocoaPods installation.\" >&2\n    exit 1\nfi\n# This output is used by Xcode 'outputs' to avoid re-running this script phase.\necho \"SUCCESS\" > \"${SCRIPT_OUTPUT_FILE_0}\"\n";
			showEnvVarsInLog = 0;
		};
		5856505238681AE80421E601 /* [CP] Copy Pods Resources */ = {
			isa = PBXShellScriptBuildPhase;
			buildActionMask = 2147483647;
			files = (
			);
			inputPaths = (
			);
			name = "[CP] Copy Pods Resources";
			outputPaths = (
			);
			runOnlyForDeploymentPostprocessing = 0;
			shellPath = /bin/sh;
			shellScript = "\"${SRCROOT}/Pods/Target Support Files/Pods-Gent/Pods-Gent-resources.sh\"\n";
			showEnvVarsInLog = 0;
		};
		A283C39B973EEFB70F2159D5 /* [CP] Embed Pods Frameworks */ = {
			isa = PBXShellScriptBuildPhase;
			buildActionMask = 2147483647;
			files = (
			);
			inputPaths = (
			);
			name = "[CP] Embed Pods Frameworks";
			outputPaths = (
			);
			runOnlyForDeploymentPostprocessing = 0;
			shellPath = /bin/sh;
			shellScript = "\"${SRCROOT}/Pods/Target Support Files/Pods-GentUITests/Pods-GentUITests-frameworks.sh\"\n";
			showEnvVarsInLog = 0;
		};
		D8CAB6F496CF840F6982D091 /* [CP] Check Pods Manifest.lock */ = {
			isa = PBXShellScriptBuildPhase;
			buildActionMask = 2147483647;
			files = (
			);
			inputPaths = (
				"${PODS_PODFILE_DIR_PATH}/Podfile.lock",
				"${PODS_ROOT}/Manifest.lock",
			);
			name = "[CP] Check Pods Manifest.lock";
			outputPaths = (
				"$(DERIVED_FILE_DIR)/Pods-Gent-checkManifestLockResult.txt",
			);
			runOnlyForDeploymentPostprocessing = 0;
			shellPath = /bin/sh;
			shellScript = "diff \"${PODS_PODFILE_DIR_PATH}/Podfile.lock\" \"${PODS_ROOT}/Manifest.lock\" > /dev/null\nif [ $? != 0 ] ; then\n    # print error to STDERR\n    echo \"error: The sandbox is not in sync with the Podfile.lock. Run 'pod install' or update your CocoaPods installation.\" >&2\n    exit 1\nfi\n# This output is used by Xcode 'outputs' to avoid re-running this script phase.\necho \"SUCCESS\" > \"${SCRIPT_OUTPUT_FILE_0}\"\n";
			showEnvVarsInLog = 0;
		};
		E97A5D0C021E6607774EC61D /* [CP] Embed Pods Frameworks */ = {
			isa = PBXShellScriptBuildPhase;
			buildActionMask = 2147483647;
			files = (
			);
			inputPaths = (
				"${SRCROOT}/Pods/Target Support Files/Pods-Gent/Pods-Gent-frameworks.sh",
				"${BUILT_PRODUCTS_DIR}/Alamofire/Alamofire.framework",
				"${BUILT_PRODUCTS_DIR}/GTMSessionFetcher/GTMSessionFetcher.framework",
				"${BUILT_PRODUCTS_DIR}/GoogleToolboxForMac/GoogleToolboxForMac.framework",
				"${BUILT_PRODUCTS_DIR}/KeychainSwift/KeychainSwift.framework",
				"${BUILT_PRODUCTS_DIR}/Stripe/Stripe.framework",
				"${BUILT_PRODUCTS_DIR}/leveldb-library/leveldb.framework",
				"${BUILT_PRODUCTS_DIR}/nanopb/nanopb.framework",
			);
			name = "[CP] Embed Pods Frameworks";
			outputPaths = (
				"${TARGET_BUILD_DIR}/${FRAMEWORKS_FOLDER_PATH}/Alamofire.framework",
				"${TARGET_BUILD_DIR}/${FRAMEWORKS_FOLDER_PATH}/GTMSessionFetcher.framework",
				"${TARGET_BUILD_DIR}/${FRAMEWORKS_FOLDER_PATH}/GoogleToolboxForMac.framework",
				"${TARGET_BUILD_DIR}/${FRAMEWORKS_FOLDER_PATH}/KeychainSwift.framework",
				"${TARGET_BUILD_DIR}/${FRAMEWORKS_FOLDER_PATH}/Stripe.framework",
				"${TARGET_BUILD_DIR}/${FRAMEWORKS_FOLDER_PATH}/leveldb.framework",
				"${TARGET_BUILD_DIR}/${FRAMEWORKS_FOLDER_PATH}/nanopb.framework",
			);
			runOnlyForDeploymentPostprocessing = 0;
			shellPath = /bin/sh;
			shellScript = "\"${SRCROOT}/Pods/Target Support Files/Pods-Gent/Pods-Gent-frameworks.sh\"\n";
			showEnvVarsInLog = 0;
		};
		EE56D827B9E299057E7A918C /* [CP] Check Pods Manifest.lock */ = {
			isa = PBXShellScriptBuildPhase;
			buildActionMask = 2147483647;
			files = (
			);
			inputPaths = (
				"${PODS_PODFILE_DIR_PATH}/Podfile.lock",
				"${PODS_ROOT}/Manifest.lock",
			);
			name = "[CP] Check Pods Manifest.lock";
			outputPaths = (
				"$(DERIVED_FILE_DIR)/Pods-GentUITests-checkManifestLockResult.txt",
			);
			runOnlyForDeploymentPostprocessing = 0;
			shellPath = /bin/sh;
			shellScript = "diff \"${PODS_PODFILE_DIR_PATH}/Podfile.lock\" \"${PODS_ROOT}/Manifest.lock\" > /dev/null\nif [ $? != 0 ] ; then\n    # print error to STDERR\n    echo \"error: The sandbox is not in sync with the Podfile.lock. Run 'pod install' or update your CocoaPods installation.\" >&2\n    exit 1\nfi\n# This output is used by Xcode 'outputs' to avoid re-running this script phase.\necho \"SUCCESS\" > \"${SCRIPT_OUTPUT_FILE_0}\"\n";
			showEnvVarsInLog = 0;
		};
		FE0FD73A0A5164A0198DA5B4 /* [CP] Copy Pods Resources */ = {
			isa = PBXShellScriptBuildPhase;
			buildActionMask = 2147483647;
			files = (
			);
			inputPaths = (
			);
			name = "[CP] Copy Pods Resources";
			outputPaths = (
			);
			runOnlyForDeploymentPostprocessing = 0;
			shellPath = /bin/sh;
			shellScript = "\"${SRCROOT}/Pods/Target Support Files/Pods-GentUITests/Pods-GentUITests-resources.sh\"\n";
			showEnvVarsInLog = 0;
		};
/* End PBXShellScriptBuildPhase section */

/* Begin PBXSourcesBuildPhase section */
		920E97F71F79E63C00D97658 /* Sources */ = {
			isa = PBXSourcesBuildPhase;
			buildActionMask = 2147483647;
			files = (
				8FDE9B381FF8DCA300C3B8F6 /* GSigninViewController.swift in Sources */,
				8F2354601FCBBDB700731975 /* StripeAPIClient.swift in Sources */,
				920E982F1F79EAF700D97658 /* MVPViewController.swift in Sources */,
				8F5B1ACA1FF75B0F00D11744 /* GUIViewController.swift in Sources */,
				8FB8A4FE1FF4DC0300A849B3 /* GInitViewController.swift in Sources */,
				8FDE9B361FF8C8FF00C3B8F6 /* GNewsTabViewController.swift in Sources */,
				6B4DD7BA1F85DE4300D511B1 /* FormTableViewCell.swift in Sources */,
				8FDE9B331FF8C23A00C3B8F6 /* UIHelper.swift in Sources */,
				920E98371F79EB6D00D97658 /* ChatViewController.swift in Sources */,
				6B1F239E1F9EE5A400B6F9D0 /* UnderConstruction.swift in Sources */,
				920E98331F79EB4F00D97658 /* ShopViewController.swift in Sources */,
				8FB8A4FB1FF43F7B00A849B3 /* UIButtonExt.swift in Sources */,
				6BD37E551F9C65E100EEFCCC /* Post.swift in Sources */,
				6B4DD7B81F85DE1C00D511B1 /* CreateAccountTableViewController.swift in Sources */,
				6BA65A8E1F817F7F0099D60F /* NewsViewController.swift in Sources */,
				2E9CA2901F9AC6680017D34B /* GentsViewController.swift in Sources */,
				8F8663A81FF41A360020F2E8 /* UILablelExt.swift in Sources */,
				8F703D8C1FF42F75006AB5EA /* UIGeneralSettings.swift in Sources */,
				8FCEE09E1FF5413B009EF0AD /* UIDeviceExt.swift in Sources */,
				6BD37E561F9C65E100EEFCCC /* NewsTableViewCell.swift in Sources */,
				6BA65A911F8180220099D60F /* BuyBackViewController.swift in Sources */,
				6BD37E541F9C65E100EEFCCC /* NewsTableViewController.swift in Sources */,
				920E97FF1F79E63C00D97658 /* AppDelegate.swift in Sources */,
				6B6C5CA31F8C5D080047A51F /* SignInTableViewController.swift in Sources */,
				8F5B1ACD1FF7601300D11744 /* GSignupViewController.swift in Sources */,
				2E1E391D1F9BF15400290A87 /* GentsUser.swift in Sources */,
				8F5B1AC61FF73AAD00D11744 /* UITextFieldExt.swift in Sources */,
				8FDE9B321FF8C23A00C3B8F6 /* OnScreenKBListener.swift in Sources */,
			);
			runOnlyForDeploymentPostprocessing = 0;
		};
		920E980D1F79E63C00D97658 /* Sources */ = {
			isa = PBXSourcesBuildPhase;
			buildActionMask = 2147483647;
			files = (
				8F108C781FD47120001B69CB /* StripeAPIClient.swift in Sources */,
				920E98161F79E63C00D97658 /* GentTests.swift in Sources */,
				8F108C771FD4710F001B69CB /* GentsUser.swift in Sources */,
			);
			runOnlyForDeploymentPostprocessing = 0;
		};
		920E98181F79E63C00D97658 /* Sources */ = {
			isa = PBXSourcesBuildPhase;
			buildActionMask = 2147483647;
			files = (
				920E98211F79E63C00D97658 /* GentUITests.swift in Sources */,
			);
			runOnlyForDeploymentPostprocessing = 0;
		};
/* End PBXSourcesBuildPhase section */

/* Begin PBXTargetDependency section */
		920E98131F79E63C00D97658 /* PBXTargetDependency */ = {
			isa = PBXTargetDependency;
			target = 920E97FA1F79E63C00D97658 /* Gent */;
			targetProxy = 920E98121F79E63C00D97658 /* PBXContainerItemProxy */;
		};
		920E981E1F79E63C00D97658 /* PBXTargetDependency */ = {
			isa = PBXTargetDependency;
			target = 920E97FA1F79E63C00D97658 /* Gent */;
			targetProxy = 920E981D1F79E63C00D97658 /* PBXContainerItemProxy */;
		};
/* End PBXTargetDependency section */

/* Begin PBXVariantGroup section */
		8F86639F1FF318790020F2E8 /* Main_NewDesign.storyboard */ = {
			isa = PBXVariantGroup;
			children = (
				8F86639E1FF318790020F2E8 /* Base */,
			);
			name = Main_NewDesign.storyboard;
			sourceTree = "<group>";
		};
		920E98041F79E63C00D97658 /* Main.storyboard */ = {
			isa = PBXVariantGroup;
			children = (
				920E98051F79E63C00D97658 /* Base */,
			);
			name = Main.storyboard;
			sourceTree = "<group>";
		};
		920E98091F79E63C00D97658 /* LaunchScreen.storyboard */ = {
			isa = PBXVariantGroup;
			children = (
				920E980A1F79E63C00D97658 /* Base */,
			);
			name = LaunchScreen.storyboard;
			sourceTree = "<group>";
		};
/* End PBXVariantGroup section */

/* Begin XCBuildConfiguration section */
		920E98231F79E63C00D97658 /* Debug */ = {
			isa = XCBuildConfiguration;
			buildSettings = {
				ALWAYS_SEARCH_USER_PATHS = NO;
				CLANG_ANALYZER_NONNULL = YES;
				CLANG_ANALYZER_NUMBER_OBJECT_CONVERSION = YES_AGGRESSIVE;
				CLANG_CXX_LANGUAGE_STANDARD = "gnu++14";
				CLANG_CXX_LIBRARY = "libc++";
				CLANG_ENABLE_MODULES = YES;
				CLANG_ENABLE_OBJC_ARC = YES;
				CLANG_WARN_BLOCK_CAPTURE_AUTORELEASING = YES;
				CLANG_WARN_BOOL_CONVERSION = YES;
				CLANG_WARN_COMMA = YES;
				CLANG_WARN_CONSTANT_CONVERSION = YES;
				CLANG_WARN_DIRECT_OBJC_ISA_USAGE = YES_ERROR;
				CLANG_WARN_DOCUMENTATION_COMMENTS = YES;
				CLANG_WARN_EMPTY_BODY = YES;
				CLANG_WARN_ENUM_CONVERSION = YES;
				CLANG_WARN_INFINITE_RECURSION = YES;
				CLANG_WARN_INT_CONVERSION = YES;
				CLANG_WARN_NON_LITERAL_NULL_CONVERSION = YES;
				CLANG_WARN_OBJC_LITERAL_CONVERSION = YES;
				CLANG_WARN_OBJC_ROOT_CLASS = YES_ERROR;
				CLANG_WARN_RANGE_LOOP_ANALYSIS = YES;
				CLANG_WARN_STRICT_PROTOTYPES = YES;
				CLANG_WARN_SUSPICIOUS_MOVE = YES;
				CLANG_WARN_UNGUARDED_AVAILABILITY = YES_AGGRESSIVE;
				CLANG_WARN_UNREACHABLE_CODE = YES;
				CLANG_WARN__DUPLICATE_METHOD_MATCH = YES;
				CODE_SIGN_IDENTITY = "iPhone Developer";
				COPY_PHASE_STRIP = NO;
				DEBUG_INFORMATION_FORMAT = dwarf;
				ENABLE_STRICT_OBJC_MSGSEND = YES;
				ENABLE_TESTABILITY = YES;
				GCC_C_LANGUAGE_STANDARD = gnu11;
				GCC_DYNAMIC_NO_PIC = NO;
				GCC_NO_COMMON_BLOCKS = YES;
				GCC_OPTIMIZATION_LEVEL = 0;
				GCC_PREPROCESSOR_DEFINITIONS = (
					"DEBUG=1",
					"$(inherited)",
				);
				GCC_WARN_64_TO_32_BIT_CONVERSION = YES;
				GCC_WARN_ABOUT_RETURN_TYPE = YES_ERROR;
				GCC_WARN_UNDECLARED_SELECTOR = YES;
				GCC_WARN_UNINITIALIZED_AUTOS = YES_AGGRESSIVE;
				GCC_WARN_UNUSED_FUNCTION = YES;
				GCC_WARN_UNUSED_VARIABLE = YES;
				IPHONEOS_DEPLOYMENT_TARGET = 11.0;
				MTL_ENABLE_DEBUG_INFO = YES;
				ONLY_ACTIVE_ARCH = YES;
				SDKROOT = iphoneos;
				SWIFT_ACTIVE_COMPILATION_CONDITIONS = DEBUG;
				SWIFT_OPTIMIZATION_LEVEL = "-Onone";
			};
			name = Debug;
		};
		920E98241F79E63C00D97658 /* Release */ = {
			isa = XCBuildConfiguration;
			buildSettings = {
				ALWAYS_SEARCH_USER_PATHS = NO;
				CLANG_ANALYZER_NONNULL = YES;
				CLANG_ANALYZER_NUMBER_OBJECT_CONVERSION = YES_AGGRESSIVE;
				CLANG_CXX_LANGUAGE_STANDARD = "gnu++14";
				CLANG_CXX_LIBRARY = "libc++";
				CLANG_ENABLE_MODULES = YES;
				CLANG_ENABLE_OBJC_ARC = YES;
				CLANG_WARN_BLOCK_CAPTURE_AUTORELEASING = YES;
				CLANG_WARN_BOOL_CONVERSION = YES;
				CLANG_WARN_COMMA = YES;
				CLANG_WARN_CONSTANT_CONVERSION = YES;
				CLANG_WARN_DIRECT_OBJC_ISA_USAGE = YES_ERROR;
				CLANG_WARN_DOCUMENTATION_COMMENTS = YES;
				CLANG_WARN_EMPTY_BODY = YES;
				CLANG_WARN_ENUM_CONVERSION = YES;
				CLANG_WARN_INFINITE_RECURSION = YES;
				CLANG_WARN_INT_CONVERSION = YES;
				CLANG_WARN_NON_LITERAL_NULL_CONVERSION = YES;
				CLANG_WARN_OBJC_LITERAL_CONVERSION = YES;
				CLANG_WARN_OBJC_ROOT_CLASS = YES_ERROR;
				CLANG_WARN_RANGE_LOOP_ANALYSIS = YES;
				CLANG_WARN_STRICT_PROTOTYPES = YES;
				CLANG_WARN_SUSPICIOUS_MOVE = YES;
				CLANG_WARN_UNGUARDED_AVAILABILITY = YES_AGGRESSIVE;
				CLANG_WARN_UNREACHABLE_CODE = YES;
				CLANG_WARN__DUPLICATE_METHOD_MATCH = YES;
				CODE_SIGN_IDENTITY = "iPhone Developer";
				COPY_PHASE_STRIP = NO;
				DEBUG_INFORMATION_FORMAT = "dwarf-with-dsym";
				ENABLE_NS_ASSERTIONS = NO;
				ENABLE_STRICT_OBJC_MSGSEND = YES;
				GCC_C_LANGUAGE_STANDARD = gnu11;
				GCC_NO_COMMON_BLOCKS = YES;
				GCC_WARN_64_TO_32_BIT_CONVERSION = YES;
				GCC_WARN_ABOUT_RETURN_TYPE = YES_ERROR;
				GCC_WARN_UNDECLARED_SELECTOR = YES;
				GCC_WARN_UNINITIALIZED_AUTOS = YES_AGGRESSIVE;
				GCC_WARN_UNUSED_FUNCTION = YES;
				GCC_WARN_UNUSED_VARIABLE = YES;
				IPHONEOS_DEPLOYMENT_TARGET = 11.0;
				MTL_ENABLE_DEBUG_INFO = NO;
				SDKROOT = iphoneos;
				SWIFT_OPTIMIZATION_LEVEL = "-Owholemodule";
				VALIDATE_PRODUCT = YES;
			};
			name = Release;
		};
		920E98261F79E63C00D97658 /* Debug */ = {
			isa = XCBuildConfiguration;
			baseConfigurationReference = CCE594876F3702BA283D9321 /* Pods-Gent.debug.xcconfig */;
			buildSettings = {
				ALWAYS_EMBED_SWIFT_STANDARD_LIBRARIES = YES;
				ASSETCATALOG_COMPILER_APPICON_NAME = AppIcon;
				"CODE_SIGN_IDENTITY[sdk=iphoneos*]" = "iPhone Developer";
				CODE_SIGN_STYLE = Automatic;
				DEVELOPMENT_TEAM = "";
				INFOPLIST_FILE = Gent/Info.plist;
				LD_RUNPATH_SEARCH_PATHS = "$(inherited) @executable_path/Frameworks";
				PRODUCT_BUNDLE_IDENTIFIER = com.themobilegents.gent;
				PRODUCT_NAME = "$(TARGET_NAME)";
				PROVISIONING_PROFILE = "";
				PROVISIONING_PROFILE_SPECIFIER = "";
				SWIFT_VERSION = 4.0;
				TARGETED_DEVICE_FAMILY = 1;
			};
			name = Debug;
		};
		920E98271F79E63C00D97658 /* Release */ = {
			isa = XCBuildConfiguration;
			baseConfigurationReference = 918239316A00CA3B7082B5B6 /* Pods-Gent.release.xcconfig */;
			buildSettings = {
				ALWAYS_EMBED_SWIFT_STANDARD_LIBRARIES = YES;
				ASSETCATALOG_COMPILER_APPICON_NAME = AppIcon;
				CODE_SIGN_IDENTITY = "iPhone Developer";
				"CODE_SIGN_IDENTITY[sdk=iphoneos*]" = "iPhone Developer";
				CODE_SIGN_STYLE = Automatic;
				DEVELOPMENT_TEAM = "";
				INFOPLIST_FILE = Gent/Info.plist;
				LD_RUNPATH_SEARCH_PATHS = "$(inherited) @executable_path/Frameworks";
				PRODUCT_BUNDLE_IDENTIFIER = com.themobilegents.gent;
				PRODUCT_NAME = "$(TARGET_NAME)";
				PROVISIONING_PROFILE = "";
				PROVISIONING_PROFILE_SPECIFIER = "";
				SWIFT_VERSION = 4.0;
				TARGETED_DEVICE_FAMILY = 1;
			};
			name = Release;
		};
		920E98291F79E63C00D97658 /* Debug */ = {
			isa = XCBuildConfiguration;
			baseConfigurationReference = E1F579E9A9EC4D283A5F821B /* Pods-GentTests.debug.xcconfig */;
			buildSettings = {
				ALWAYS_EMBED_SWIFT_STANDARD_LIBRARIES = "$(inherited)";
				BUNDLE_LOADER = "$(TEST_HOST)";
				"CODE_SIGN_IDENTITY[sdk=iphoneos*]" = "iPhone Developer";
				CODE_SIGN_STYLE = Automatic;
				DEVELOPMENT_TEAM = "";
				INFOPLIST_FILE = GentTests/Info.plist;
				LD_RUNPATH_SEARCH_PATHS = "$(inherited) @executable_path/Frameworks @loader_path/Frameworks";
				PRODUCT_BUNDLE_IDENTIFIER = com.christinasund.GentTests;
				PRODUCT_NAME = "$(TARGET_NAME)";
				PROVISIONING_PROFILE_SPECIFIER = "";
				SWIFT_VERSION = 4.0;
				TARGETED_DEVICE_FAMILY = "1,2";
				TEST_HOST = "$(BUILT_PRODUCTS_DIR)/Gent.app/Gent";
			};
			name = Debug;
		};
		920E982A1F79E63C00D97658 /* Release */ = {
			isa = XCBuildConfiguration;
			baseConfigurationReference = 92D8B0500A6E9A15EB37875E /* Pods-GentTests.release.xcconfig */;
			buildSettings = {
				ALWAYS_EMBED_SWIFT_STANDARD_LIBRARIES = "$(inherited)";
				BUNDLE_LOADER = "$(TEST_HOST)";
				"CODE_SIGN_IDENTITY[sdk=iphoneos*]" = "iPhone Developer";
				CODE_SIGN_STYLE = Automatic;
				DEVELOPMENT_TEAM = "";
				INFOPLIST_FILE = GentTests/Info.plist;
				LD_RUNPATH_SEARCH_PATHS = "$(inherited) @executable_path/Frameworks @loader_path/Frameworks";
				PRODUCT_BUNDLE_IDENTIFIER = com.christinasund.GentTests;
				PRODUCT_NAME = "$(TARGET_NAME)";
				PROVISIONING_PROFILE_SPECIFIER = "";
				SWIFT_VERSION = 4.0;
				TARGETED_DEVICE_FAMILY = "1,2";
				TEST_HOST = "$(BUILT_PRODUCTS_DIR)/Gent.app/Gent";
			};
			name = Release;
		};
		920E982C1F79E63C00D97658 /* Debug */ = {
			isa = XCBuildConfiguration;
			baseConfigurationReference = BB8BC798F113B4701823A28F /* Pods-GentUITests.debug.xcconfig */;
			buildSettings = {
				ALWAYS_EMBED_SWIFT_STANDARD_LIBRARIES = YES;
				CODE_SIGN_STYLE = Automatic;
				INFOPLIST_FILE = GentUITests/Info.plist;
				LD_RUNPATH_SEARCH_PATHS = "$(inherited) @executable_path/Frameworks @loader_path/Frameworks";
				PRODUCT_BUNDLE_IDENTIFIER = com.christinasund.GentUITests;
				PRODUCT_NAME = "$(TARGET_NAME)";
				SWIFT_VERSION = 4.0;
				TARGETED_DEVICE_FAMILY = "1,2";
				TEST_TARGET_NAME = Gent;
			};
			name = Debug;
		};
		920E982D1F79E63C00D97658 /* Release */ = {
			isa = XCBuildConfiguration;
			baseConfigurationReference = 9DBE64A92AB2AF89C62DFE8F /* Pods-GentUITests.release.xcconfig */;
			buildSettings = {
				ALWAYS_EMBED_SWIFT_STANDARD_LIBRARIES = YES;
				CODE_SIGN_STYLE = Automatic;
				INFOPLIST_FILE = GentUITests/Info.plist;
				LD_RUNPATH_SEARCH_PATHS = "$(inherited) @executable_path/Frameworks @loader_path/Frameworks";
				PRODUCT_BUNDLE_IDENTIFIER = com.christinasund.GentUITests;
				PRODUCT_NAME = "$(TARGET_NAME)";
				SWIFT_VERSION = 4.0;
				TARGETED_DEVICE_FAMILY = "1,2";
				TEST_TARGET_NAME = Gent;
			};
			name = Release;
		};
/* End XCBuildConfiguration section */

/* Begin XCConfigurationList section */
		920E97F61F79E63C00D97658 /* Build configuration list for PBXProject "Gent" */ = {
			isa = XCConfigurationList;
			buildConfigurations = (
				920E98231F79E63C00D97658 /* Debug */,
				920E98241F79E63C00D97658 /* Release */,
			);
			defaultConfigurationIsVisible = 0;
			defaultConfigurationName = Release;
		};
		920E98251F79E63C00D97658 /* Build configuration list for PBXNativeTarget "Gent" */ = {
			isa = XCConfigurationList;
			buildConfigurations = (
				920E98261F79E63C00D97658 /* Debug */,
				920E98271F79E63C00D97658 /* Release */,
			);
			defaultConfigurationIsVisible = 0;
			defaultConfigurationName = Release;
		};
		920E98281F79E63C00D97658 /* Build configuration list for PBXNativeTarget "GentTests" */ = {
			isa = XCConfigurationList;
			buildConfigurations = (
				920E98291F79E63C00D97658 /* Debug */,
				920E982A1F79E63C00D97658 /* Release */,
			);
			defaultConfigurationIsVisible = 0;
			defaultConfigurationName = Release;
		};
		920E982B1F79E63C00D97658 /* Build configuration list for PBXNativeTarget "GentUITests" */ = {
			isa = XCConfigurationList;
			buildConfigurations = (
				920E982C1F79E63C00D97658 /* Debug */,
				920E982D1F79E63C00D97658 /* Release */,
			);
			defaultConfigurationIsVisible = 0;
			defaultConfigurationName = Release;
		};
/* End XCConfigurationList section */
	};
	rootObject = 920E97F31F79E63C00D97658 /* Project object */;
}
